
Microsoft Visual Studio Solution File, Format Version 12.00
# Visual Studio 15
VisualStudioVersion = 15.0.28307.1000
MinimumVisualStudioVersion = 10.0.40219.1
Project("{FAE04EC0-301F-11D3-BF4B-00C04F79EFBC}") = "TestDomain.Domain", "TestDomain.Domain\TestDomain.Domain.csproj", "{303585B7-F175-4A19-BCB4-3D8545827397}"
EndProject
Project("{FAE04EC0-301F-11D3-BF4B-00C04F79EFBC}") = "TestDomain.Domain.Tests", "TestDomain.Domain.Tests\TestDomain.Domain.Tests.csproj", "{7D362B5F-03F1-43D0-B41C-1ABDCFBA050E}"
EndProject
Project("{FAE04EC0-301F-11D3-BF4B-00C04F79EFBC}") = "TestDomain.Persistencia", "TestDomain.Persistencia\TestDomain.Persistencia.csproj", "{BDAF55E0-261A-484C-9E57-3CAEB9CC6D03}"
EndProject
Project("{FAE04EC0-301F-11D3-BF4B-00C04F79EFBC}") = "TestDomain.UI", "TestDomain.UI\TestDomain.UI.csproj", "{79D51C5A-20DC-4048-AEBE-4E5FBDAB3BA0}"
EndProject
Global
	GlobalSection(SolutionConfigurationPlatforms) = preSolution
		Debug|Any CPU = Debug|Any CPU
		Release|Any CPU = Release|Any CPU
	EndGlobalSection
	GlobalSection(ProjectConfigurationPlatforms) = postSolution
		{303585B7-F175-4A19-BCB4-3D8545827397}.Debug|Any CPU.ActiveCfg = Debug|Any CPU
		{303585B7-F175-4A19-BCB4-3D8545827397}.Debug|Any CPU.Build.0 = Debug|Any CPU
		{303585B7-F175-4A19-BCB4-3D8545827397}.Release|Any CPU.ActiveCfg = Release|Any CPU
		{303585B7-F175-4A19-BCB4-3D8545827397}.Release|Any CPU.Build.0 = Release|Any CPU
		{7D362B5F-03F1-43D0-B41C-1ABDCFBA050E}.Debug|Any CPU.ActiveCfg = Debug|Any CPU
		{7D362B5F-03F1-43D0-B41C-1ABDCFBA050E}.Debug|Any CPU.Build.0 = Debug|Any CPU
		{7D362B5F-03F1-43D0-B41C-1ABDCFBA050E}.Release|Any CPU.ActiveCfg = Release|Any CPU
		{7D362B5F-03F1-43D0-B41C-1ABDCFBA050E}.Release|Any CPU.Build.0 = Release|Any CPU
		{BDAF55E0-261A-484C-9E57-3CAEB9CC6D03}.Debug|Any CPU.ActiveCfg = Debug|Any CPU
		{BDAF55E0-261A-484C-9E57-3CAEB9CC6D03}.Debug|Any CPU.Build.0 = Debug|Any CPU
		{BDAF55E0-261A-484C-9E57-3CAEB9CC6D03}.Release|Any CPU.ActiveCfg = Release|Any CPU
		{BDAF55E0-261A-484C-9E57-3CAEB9CC6D03}.Release|Any CPU.Build.0 = Release|Any CPU
		{79D51C5A-20DC-4048-AEBE-4E5FBDAB3BA0}.Debug|Any CPU.ActiveCfg = Debug|Any CPU
		{79D51C5A-20DC-4048-AEBE-4E5FBDAB3BA0}.Debug|Any CPU.Build.0 = Debug|Any CPU
		{79D51C5A-20DC-4048-AEBE-4E5FBDAB3BA0}.Release|Any CPU.ActiveCfg = Release|Any CPU
		{79D51C5A-20DC-4048-AEBE-4E5FBDAB3BA0}.Release|Any CPU.Build.0 = Release|Any CPU
	EndGlobalSection
	GlobalSection(SolutionProperties) = preSolution
		HideSolutionNode = FALSE
	EndGlobalSection
	GlobalSection(ExtensibilityGlobals) = postSolution
		SolutionGuid = {827DD6D2-1D09-4912-A759-8EFDF79A7C98}
	EndGlobalSection
EndGlobal
